{
  "name": "anime-automation",
  "version": "1.0.0",
  "lockfileVersion": 3,
  "requires": true,
  "packages": {
    "": {
      "name": "anime-automation",
      "version": "1.0.0",
      "dependencies": {
        "cloudinary": "^2.7.0",
        "dotenv": "^16.3.1",
        "get-audio-duration": "^4.0.1",
        "get-video-duration": "^4.1.0",
        "ts-node": "^10.9.1",
        "typescript": "^5.2.2"
      },
      "devDependencies": {
        "@types/node": "^24.3.0"
      }
    },
    "node_modules/@cspotcode/source-map-support": {
      "version": "0.8.1",
      "resolved": "https://registry.npmjs.org/@cspotcode/source-map-support/-/source-map-support-0.8.1.tgz",
      "integrity": "sha512-IchNf6dN4tHoMFIn/7OE8LWZ19Y6q/67Bmf6vnGREv8RSbBVb9LPJxEcnwrcwX6ixSvaiGoomAUvu4YSxXrVgw==",
      "license": "MIT",
      "dependencies": {
        "@jridgewell/trace-mapping": "0.3.9"
      },
      "engines": {
        "node": ">=12"
      }
    },
    "node_modules/@ffprobe-installer/darwin-arm64": {
      "version": "5.0.1",
      "resolved": "https://registry.npmjs.org/@ffprobe-installer/darwin-arm64/-/darwin-arm64-5.0.1.tgz",
      "integrity": "sha512-vwNCNjokH8hfkbl6m95zICHwkSzhEvDC3GVBcUp5HX8+4wsX10SP3B+bGur7XUzTIZ4cQpgJmEIAx6TUwRepMg==",
      "cpu": [
        "arm64"
      ],
      "hasInstallScript": true,
      "license": "LGPL-2.1",
      "optional": true,
      "os": [
        "darwin"
      ]
    },
    "node_modules/@ffprobe-installer/darwin-x64": {
      "version": "5.1.0",
      "resolved": "https://registry.npmjs.org/@ffprobe-installer/darwin-x64/-/darwin-x64-5.1.0.tgz",
      "integrity": "sha512-J+YGscZMpQclFg31O4cfVRGmDpkVsQ2fZujoUdMAAYcP0NtqpC49Hs3SWJpBdsGB4VeqOt5TTm1vSZQzs1NkhA==",
      "cpu": [
        "x64"
      ],
      "hasInstallScript": true,
      "license": "GPL-3.0",
      "optional": true,
      "os": [
        "darwin"
      ]
    },
    "node_modules/@ffprobe-installer/ffprobe": {
      "version": "2.1.2",
      "resolved": "https://registry.npmjs.org/@ffprobe-installer/ffprobe/-/ffprobe-2.1.2.tgz",
      "integrity": "sha512-ZNvwk4f2magF42Zji2Ese16SMj9BS7Fui4kRjg6gTYTxY3gWZNpg85n4MIfQyI9nimHg4x/gT6FVkp/bBDuBwg==",
      "license": "LGPL-2.1",
      "engines": {
        "node": ">=14.21.2"
      },
      "optionalDependencies": {
        "@ffprobe-installer/darwin-arm64": "5.0.1",
        "@ffprobe-installer/darwin-x64": "5.1.0",
        "@ffprobe-installer/linux-arm": "5.2.0",
        "@ffprobe-installer/linux-arm64": "5.2.0",
        "@ffprobe-installer/linux-ia32": "5.2.0",
        "@ffprobe-installer/linux-x64": "5.2.0",
        "@ffprobe-installer/win32-ia32": "5.1.0",
        "@ffprobe-installer/win32-x64": "5.1.0"
      }
    },
    "node_modules/@ffprobe-installer/linux-arm": {
      "version": "5.2.0",
      "resolved": "https://registry.npmjs.org/@ffprobe-installer/linux-arm/-/linux-arm-5.2.0.tgz",
      "integrity": "sha512-PF5HqEhCY7WTWHtLDYbA/+rLS+rhslWvyBlAG1Fk8VzVlnRdl93o6hy7DE2kJgxWQbFaR3ZktPQGEzfkrmQHvQ==",
      "cpu": [
        "arm"
      ],
      "hasInstallScript": true,
      "license": "GPL-3.0",
      "optional": true,
      "os": [
        "linux"
      ]
    },
    "node_modules/@ffprobe-installer/linux-arm64": {
      "version": "5.2.0",
      "resolved": "https://registry.npmjs.org/@ffprobe-installer/linux-arm64/-/linux-arm64-5.2.0.tgz",
      "integrity": "sha512-X1VvWtlLs6ScP73biVLuHD5ohKJKsMTa0vafCESOen4mOoNeLAYbxOVxDWAdFz9cpZgRiloFj5QD6nDj8E28yQ==",
      "cpu": [
        "arm64"
      ],
      "hasInstallScript": true,
      "license": "GPL-3.0",
      "optional": true,
      "os": [
        "linux"
      ]
    },
    "node_modules/@ffprobe-installer/linux-ia32": {
      "version": "5.2.0",
      "resolved": "https://registry.npmjs.org/@ffprobe-installer/linux-ia32/-/linux-ia32-5.2.0.tgz",
      "integrity": "sha512-TFVK5sasXyXhbIG7LtPRDmtkrkOsInwKcL43iEvEw+D9vCS2rc//mn9/0Q+BR0UoJEiMK4+ApYr/3LLVUBPOCQ==",
      "cpu": [
        "ia32"
      ],
      "hasInstallScript": true,
      "license": "GPL-3.0",
      "optional": true,
      "os": [
        "linux"
      ]
    },
    "node_modules/@ffprobe-installer/linux-x64": {
      "version": "5.2.0",
      "resolved": "https://registry.npmjs.org/@ffprobe-installer/linux-x64/-/linux-x64-5.2.0.tgz",
      "integrity": "sha512-D3UeqTLYPNs7pBWPLUYGehPdRVqU8eACox4OZy3pZUZatxye2YKlvBwEfaLdL1v2Z4FOAlLUhms0kY8m8kqSRA==",
      "cpu": [
        "x64"
      ],
      "hasInstallScript": true,
      "license": "GPL-3.0",
      "optional": true,
      "os": [
        "linux"
      ]
    },
    "node_modules/@ffprobe-installer/win32-ia32": {
      "version": "5.1.0",
      "resolved": "https://registry.npmjs.org/@ffprobe-installer/win32-ia32/-/win32-ia32-5.1.0.tgz",
      "integrity": "sha512-5O3vOoNRxmut0/Nu9vSazTdSHasrr+zPT2B3Hm7kjmO3QVFcIfVImS6ReQnZeSy8JPJOqXts5kX5x/3KOX54XQ==",
      "cpu": [
        "ia32"
      ],
      "license": "GPL-3.0",
      "optional": true,
      "os": [
        "win32"
      ]
    },
    "node_modules/@ffprobe-installer/win32-x64": {
      "version": "5.1.0",
      "resolved": "https://registry.npmjs.org/@ffprobe-installer/win32-x64/-/win32-x64-5.1.0.tgz",
      "integrity": "sha512-jMGYeAgkrdn4e2vvYt/qakgHRE3CPju4bn5TmdPfoAm1BlX1mY9cyMd8gf5vSzI8gH8Zq5WQAyAkmekX/8TSTg==",
      "cpu": [
        "x64"
      ],
      "license": "GPL-3.0",
      "optional": true,
      "os": [
        "win32"
      ]
    },
    "node_modules/@jridgewell/resolve-uri": {
      "version": "3.1.2",
      "resolved": "https://registry.npmjs.org/@jridgewell/resolve-uri/-/resolve-uri-3.1.2.tgz",
      "integrity": "sha512-bRISgCIjP20/tbWSPWMEi54QVPRZExkuD9lJL+UIxUKtwVJA8wW1Trb1jMs1RFXo1CBTNZ/5hpC9QvmKWdopKw==",
      "license": "MIT",
      "engines": {
        "node": ">=6.0.0"
      }
    },
    "node_modules/@jridgewell/sourcemap-codec": {
      "version": "1.5.5",
      "resolved": "https://registry.npmjs.org/@jridgewell/sourcemap-codec/-/sourcemap-codec-1.5.5.tgz",
      "integrity": "sha512-cYQ9310grqxueWbl+WuIUIaiUaDcj7WOq5fVhEljNVgRfOUhY9fy2zTvfoqWsnebh8Sl70VScFbICvJnLKB0Og==",
      "license": "MIT"
    },
    "node_modules/@jridgewell/trace-mapping": {
      "version": "0.3.9",
      "resolved": "https://registry.npmjs.org/@jridgewell/trace-mapping/-/trace-mapping-0.3.9.tgz",
      "integrity": "sha512-3Belt6tdc8bPgAtbcmdtNJlirVoTmEb5e2gC94PnkwEW9jI6CAHUeoG85tjWP5WquqfavoMtMwiG4P926ZKKuQ==",
      "license": "MIT",
      "dependencies": {
        "@jridgewell/resolve-uri": "^3.0.3",
        "@jridgewell/sourcemap-codec": "^1.4.10"
      }
    },
    "node_modules/@tsconfig/node10": {
      "version": "1.0.11",
      "resolved": "https://registry.npmjs.org/@tsconfig/node10/-/node10-1.0.11.tgz",
      "integrity": "sha512-DcRjDCujK/kCk/cUe8Xz8ZSpm8mS3mNNpta+jGCA6USEDfktlNvm1+IuZ9eTcDbNk41BHwpHHeW+N1lKCz4zOw==",
      "license": "MIT"
    },
    "node_modules/@tsconfig/node12": {
      "version": "1.0.11",
      "resolved": "https://registry.npmjs.org/@tsconfig/node12/-/node12-1.0.11.tgz",
      "integrity": "sha512-cqefuRsh12pWyGsIoBKJA9luFu3mRxCA+ORZvA4ktLSzIuCUtWVxGIuXigEwO5/ywWFMZ2QEGKWvkZG1zDMTag==",
      "license": "MIT"
    },
    "node_modules/@tsconfig/node14": {
      "version": "1.0.3",
      "resolved": "https://registry.npmjs.org/@tsconfig/node14/-/node14-1.0.3.tgz",
      "integrity": "sha512-ysT8mhdixWK6Hw3i1V2AeRqZ5WfXg1G43mqoYlM2nc6388Fq5jcXyr5mRsqViLx/GJYdoL0bfXD8nmF+Zn/Iow==",
      "license": "MIT"
    },
    "node_modules/@tsconfig/node16": {
      "version": "1.0.4",
      "resolved": "https://registry.npmjs.org/@tsconfig/node16/-/node16-1.0.4.tgz",
      "integrity": "sha512-vxhUy4J8lyeyinH7Azl1pdd43GJhZH/tP2weN8TntQblOY+A0XbT8DJk1/oCPuOOyg/Ja757rG0CgHcWC8OfMA==",
      "license": "MIT"
    },
    "node_modules/@types/node": {
      "version": "24.3.0",
      "resolved": "https://registry.npmjs.org/@types/node/-/node-24.3.0.tgz",
      "integrity": "sha512-aPTXCrfwnDLj4VvXrm+UUCQjNEvJgNA8s5F1cvwQU+3KNltTOkBm1j30uNLyqqPNe7gE3KFzImYoZEfLhp4Yow==",
      "dev": true,
      "license": "MIT",
      "dependencies": {
        "undici-types": "~7.10.0"
      }
    },
    "node_modules/acorn": {
      "version": "8.15.0",
      "resolved": "https://registry.npmjs.org/acorn/-/acorn-8.15.0.tgz",
      "integrity": "sha512-NZyJarBfL7nWwIq+FDL6Zp/yHEhePMNnnJ0y3qfieCrmNvYct8uvtiV41UvlSe6apAfk0fY1FbWx+NwfmpvtTg==",
      "license": "MIT",
      "bin": {
        "acorn": "bin/acorn"
      },
      "engines": {
        "node": ">=0.4.0"
      }
    },
    "node_modules/acorn-walk": {
      "version": "8.3.4",
      "resolved": "https://registry.npmjs.org/acorn-walk/-/acorn-walk-8.3.4.tgz",
      "integrity": "sha512-ueEepnujpqee2o5aIYnvHU6C0A42MNdsIDeqy5BydrkuC5R1ZuUFnm27EeFJGoEHJQgn3uleRvmTXaJgfXbt4g==",
      "license": "MIT",
      "dependencies": {
        "acorn": "^8.11.0"
      },
      "engines": {
        "node": ">=0.4.0"
      }
    },
    "node_modules/arg": {
      "version": "4.1.3",
      "resolved": "https://registry.npmjs.org/arg/-/arg-4.1.3.tgz",
      "integrity": "sha512-58S9QDqG0Xx27YwPSt9fJxivjYl432YCwfDMfZ+71RAqUrZef7LrKQZ3LHLOwCS4FLNBplP533Zx895SeOCHvA==",
      "license": "MIT"
    },
    "node_modules/cloudinary": {
      "version": "2.7.0",
      "resolved": "https://registry.npmjs.org/cloudinary/-/cloudinary-2.7.0.tgz",
      "integrity": "sha512-qrqDn31+qkMCzKu1GfRpzPNAO86jchcNwEHCUiqvPHNSFqu7FTNF9FuAkBUyvM1CFFgFPu64NT0DyeREwLwK0w==",
      "license": "MIT",
      "dependencies": {
        "lodash": "^4.17.21",
        "q": "^1.5.1"
      },
      "engines": {
        "node": ">=9"
      }
    },
    "node_modules/create-require": {
      "version": "1.1.1",
      "resolved": "https://registry.npmjs.org/create-require/-/create-require-1.1.1.tgz",
      "integrity": "sha512-dcKFX3jn0MpIaXjisoRvexIJVEKzaq7z2rZKxf+MSr9TkdmHmsU4m2lcLojrj/FHl8mk5VxMmYA+ftRkP/3oKQ==",
      "license": "MIT"
    },
    "node_modules/cross-spawn": {
      "version": "7.0.6",
      "resolved": "https://registry.npmjs.org/cross-spawn/-/cross-spawn-7.0.6.tgz",
      "integrity": "sha512-uV2QOWP2nWzsy2aMp8aRibhi9dlzF5Hgh5SHaB9OiTGEyDTiJJyx0uy51QXdyWbtAHNua4XJzUKca3OzKUd3vA==",
      "license": "MIT",
      "dependencies": {
        "path-key": "^3.1.0",
        "shebang-command": "^2.0.0",
        "which": "^2.0.1"
      },
      "engines": {
        "node": ">= 8"
      }
    },
    "node_modules/diff": {
      "version": "4.0.2",
      "resolved": "https://registry.npmjs.org/diff/-/diff-4.0.2.tgz",
      "integrity": "sha512-58lmxKSA4BNyLz+HHMUzlOEpg09FV+ev6ZMe3vJihgdxzgcwZ8VoEEPmALCZG9LmqfVoNMMKpttIYTVG6uDY7A==",
      "license": "BSD-3-Clause",
      "engines": {
        "node": ">=0.3.1"
      }
    },
    "node_modules/dotenv": {
      "version": "16.6.1",
      "resolved": "https://registry.npmjs.org/dotenv/-/dotenv-16.6.1.tgz",
      "integrity": "sha512-uBq4egWHTcTt33a72vpSG0z3HnPuIl6NqYcTrKEg2azoEyl2hpW0zqlxysq2pK9HlDIHyHyakeYaYnSAwd8bow==",
      "license": "BSD-2-Clause",
      "engines": {
        "node": ">=12"
      },
      "funding": {
        "url": "https://dotenvx.com"
      }
    },
    "node_modules/execa": {
      "version": "5.1.1",
      "resolved": "https://registry.npmjs.org/execa/-/execa-5.1.1.tgz",
      "integrity": "sha512-8uSpZZocAZRBAPIEINJj3Lo9HyGitllczc27Eh5YYojjMFMn8yHMDMaUHE2Jqfq05D/wucwI4JGURyXt1vchyg==",
      "license": "MIT",
      "dependencies": {
        "cross-spawn": "^7.0.3",
        "get-stream": "^6.0.0",
        "human-signals": "^2.1.0",
        "is-stream": "^2.0.0",
        "merge-stream": "^2.0.0",
        "npm-run-path": "^4.0.1",
        "onetime": "^5.1.2",
        "signal-exit": "^3.0.3",
        "strip-final-newline": "^2.0.0"
      },
      "engines": {
        "node": ">=10"
      },
      "funding": {
        "url": "https://github.com/sindresorhus/execa?sponsor=1"
      }
    },
    "node_modules/get-audio-duration": {
      "version": "4.0.1",
      "resolved": "https://registry.npmjs.org/get-audio-duration/-/get-audio-duration-4.0.1.tgz",
      "integrity": "sha512-sx1ZRXVRN+PZlnVq2ub4wnDfPtkL4kJFeI4/I7Su0UR1ckhCca3cDOvik2v2AjIY8oyHUnKaTOoTk3o1JYEaDw==",
      "license": "MIT",
      "dependencies": {
        "@ffprobe-installer/ffprobe": "^2.1.1",
        "execa": "^5.0.0"
      }
    },
    "node_modules/get-stream": {
      "version": "6.0.1",
      "resolved": "https://registry.npmjs.org/get-stream/-/get-stream-6.0.1.tgz",
      "integrity": "sha512-ts6Wi+2j3jQjqi70w5AlN8DFnkSwC+MqmxEzdEALB2qXZYV3X/b1CTfgPLGJNMeAWxdPfU8FO1ms3NUfaHCPYg==",
      "license": "MIT",
      "engines": {
        "node": ">=10"
      },
      "funding": {
        "url": "https://github.com/sponsors/sindresorhus"
      }
    },
    "node_modules/get-video-duration": {
      "version": "4.1.0",
      "resolved": "https://registry.npmjs.org/get-video-duration/-/get-video-duration-4.1.0.tgz",
      "integrity": "sha512-kDmnD/C/WFHmZx7eV2duUNCwAH6w9YwpigiUHmq7cRNmxuTvcJ/otvcxa4A5GDus2iSZ+CZEA5e0va/r5ZWumw==",
      "license": "MIT",
      "dependencies": {
        "@ffprobe-installer/ffprobe": "^1.4.1",
        "execa": "^5.0.0",
        "is-stream": "^2.0.0"
      }
    },
    "node_modules/get-video-duration/node_modules/@ffprobe-installer/darwin-x64": {
      "version": "5.0.0",
      "resolved": "https://registry.npmjs.org/@ffprobe-installer/darwin-x64/-/darwin-x64-5.0.0.tgz",
      "integrity": "sha512-Zl0UkZ+wW/eyMKBPLTUCcNQch2VDnZz/cBn1DXv3YtCBVbYd9aYzGj4MImdxgWcoE0+GpbfbO6mKGwMq5HCm6A==",
      "cpu": [
        "x64"
      ],
      "hasInstallScript": true,
      "license": "GPL-3.0",
      "optional": true,
      "os": [
        "darwin"
      ]
    },
    "node_modules/get-video-duration/node_modules/@ffprobe-installer/ffprobe": {
      "version": "1.4.1",
      "resolved": "https://registry.npmjs.org/@ffprobe-installer/ffprobe/-/ffprobe-1.4.1.tgz",
      "integrity": "sha512-3WJvxU0f4d7IOZdzoVCAj9fYtiQNC6E0521FJFe9iP5Ej8auTXU7TsrUzIAG1CydeQI+BnM3vGog92SCcF9KtA==",
      "license": "LGPL-2.1",
      "optionalDependencies": {
        "@ffprobe-installer/darwin-arm64": "5.0.1",
        "@ffprobe-installer/darwin-x64": "5.0.0",
        "@ffprobe-installer/linux-arm": "5.0.0",
        "@ffprobe-installer/linux-arm64": "5.0.0",
        "@ffprobe-installer/linux-ia32": "5.0.0",
        "@ffprobe-installer/linux-x64": "5.0.0",
        "@ffprobe-installer/win32-ia32": "5.0.0",
        "@ffprobe-installer/win32-x64": "5.0.0"
      }
    },
    "node_modules/get-video-duration/node_modules/@ffprobe-installer/linux-arm": {
      "version": "5.0.0",
      "resolved": "https://registry.npmjs.org/@ffprobe-installer/linux-arm/-/linux-arm-5.0.0.tgz",
      "integrity": "sha512-mM1PPxP2UX5SUvhy0urcj5U8UolwbYgmnXA/eBWbW78k6N2Wk1COvcHYzOPs6c5yXXL6oshS2rZHU1kowigw7g==",
      "cpu": [
        "arm"
      ],
      "hasInstallScript": true,
      "license": "GPL-3.0",
      "optional": true,
      "os": [
        "linux"
      ]
    },
    "node_modules/get-video-duration/node_modules/@ffprobe-installer/linux-arm64": {
      "version": "5.0.0",
      "resolved": "https://registry.npmjs.org/@ffprobe-installer/linux-arm64/-/linux-arm64-5.0.0.tgz",
      "integrity": "sha512-IwFbzhe1UydR849YXLPP0RMpHgHXSuPO1kznaCHcU5FscFBV5gOZLkdD8e/xrcC8g/nhKqy0xMjn5kv6KkFQlQ==",
      "cpu": [
        "arm64"
      ],
      "hasInstallScript": true,
      "license": "GPL-3.0",
      "optional": true,
      "os": [
        "linux"
      ]
    },
    "node_modules/get-video-duration/node_modules/@ffprobe-installer/linux-ia32": {
      "version": "5.0.0",
      "resolved": "https://registry.npmjs.org/@ffprobe-installer/linux-ia32/-/linux-ia32-5.0.0.tgz",
      "integrity": "sha512-c3bWlWEDMST59SAZycVh0oyc2eNS/CxxeRjoNryGRgqcZX3EJWJJQL1rAXbpQOMLMi8to1RqnmMuwPJgLLjjUA==",
      "cpu": [
        "ia32"
      ],
      "hasInstallScript": true,
      "license": "GPL-3.0",
      "optional": true,
      "os": [
        "linux"
      ]
    },
    "node_modules/get-video-duration/node_modules/@ffprobe-installer/linux-x64": {
      "version": "5.0.0",
      "resolved": "https://registry.npmjs.org/@ffprobe-installer/linux-x64/-/linux-x64-5.0.0.tgz",
      "integrity": "sha512-zgLnWJFvMGCaw1txGtz84sMEQt6mQUzdw86ih9S/kZOWnp06Gj/ams/EXxEkAxgAACCVM6/O0mkDe/6biY5tgA==",
      "cpu": [
        "x64"
      ],
      "hasInstallScript": true,
      "license": "GPL-3.0",
      "optional": true,
      "os": [
        "linux"
      ]
    },
    "node_modules/get-video-duration/node_modules/@ffprobe-installer/win32-ia32": {
      "version": "5.0.0",
      "resolved": "https://registry.npmjs.org/@ffprobe-installer/win32-ia32/-/win32-ia32-5.0.0.tgz",
      "integrity": "sha512-NnDdAZD6ShFXzJeCkAFl2ZjAv7GcJWYudLA+0T/vjZwvskBop+sq1PGfdmVltfFDcdQiomoThRhn9Xiy9ZC71g==",
      "cpu": [
        "ia32"
      ],
      "license": "GPL-3.0",
      "optional": true,
      "os": [
        "win32"
      ]
    },
    "node_modules/get-video-duration/node_modules/@ffprobe-installer/win32-x64": {
      "version": "5.0.0",
      "resolved": "https://registry.npmjs.org/@ffprobe-installer/win32-x64/-/win32-x64-5.0.0.tgz",
      "integrity": "sha512-P4ZMRFxVMnfMsOyTfBM/+nkTodLeOUfXNPo+X1bKEWBiZxRErqX/IHS5sLA0yAH8XmtKZcL7Cu6M26ztGcQYxw==",
      "cpu": [
        "x64"
      ],
      "license": "GPL-3.0",
      "optional": true,
      "os": [
        "win32"
      ]
    },
    "node_modules/human-signals": {
      "version": "2.1.0",
      "resolved": "https://registry.npmjs.org/human-signals/-/human-signals-2.1.0.tgz",
      "integrity": "sha512-B4FFZ6q/T2jhhksgkbEW3HBvWIfDW85snkQgawt07S7J5QXTk6BkNV+0yAeZrM5QpMAdYlocGoljn0sJ/WQkFw==",
      "license": "Apache-2.0",
      "engines": {
        "node": ">=10.17.0"
      }
    },
    "node_modules/is-stream": {
      "version": "2.0.1",
      "resolved": "https://registry.npmjs.org/is-stream/-/is-stream-2.0.1.tgz",
      "integrity": "sha512-hFoiJiTl63nn+kstHGBtewWSKnQLpyb155KHheA1l39uvtO9nWIop1p3udqPcUd/xbF1VLMO4n7OI6p7RbngDg==",
      "license": "MIT",
      "engines": {
        "node": ">=8"
      },
      "funding": {
        "url": "https://github.com/sponsors/sindresorhus"
      }
    },
    "node_modules/isexe": {
      "version": "2.0.0",
      "resolved": "https://registry.npmjs.org/isexe/-/isexe-2.0.0.tgz",
      "integrity": "sha512-RHxMLp9lnKHGHRng9QFhRCMbYAcVpn69smSGcq3f36xjgVVWThj4qqLbTLlq7Ssj8B+fIQ1EuCEGI2lKsyQeIw==",
      "license": "ISC"
    },
    "node_modules/lodash": {
      "version": "4.17.21",
      "resolved": "https://registry.npmjs.org/lodash/-/lodash-4.17.21.tgz",
      "integrity": "sha512-v2kDEe57lecTulaDIuNTPy3Ry4gLGJ6Z1O3vE1krgXZNrsQ+LFTGHVxVjcXPs17LhbZVGedAJv8XZ1tvj5FvSg==",
      "license": "MIT"
    },
    "node_modules/make-error": {
      "version": "1.3.6",
      "resolved": "https://registry.npmjs.org/make-error/-/make-error-1.3.6.tgz",
      "integrity": "sha512-s8UhlNe7vPKomQhC1qFelMokr/Sc3AgNbso3n74mVPA5LTZwkB9NlXf4XPamLxJE8h0gh73rM94xvwRT2CVInw==",
      "license": "ISC"
    },
    "node_modules/merge-stream": {
      "version": "2.0.0",
      "resolved": "https://registry.npmjs.org/merge-stream/-/merge-stream-2.0.0.tgz",
      "integrity": "sha512-abv/qOcuPfk3URPfDzmZU1LKmuw8kT+0nIHvKrKgFrwifol/doWcdA4ZqsWQ8ENrFKkd67Mfpo/LovbIUsbt3w==",
      "license": "MIT"
    },
    "node_modules/mimic-fn": {
      "version": "2.1.0",
      "resolved": "https://registry.npmjs.org/mimic-fn/-/mimic-fn-2.1.0.tgz",
      "integrity": "sha512-OqbOk5oEQeAZ8WXWydlu9HJjz9WVdEIvamMCcXmuqUYjTknH/sqsWvhQ3vgwKFRR1HpjvNBKQ37nbJgYzGqGcg==",
      "license": "MIT",
      "engines": {
        "node": ">=6"
      }
    },
    "node_modules/npm-run-path": {
      "version": "4.0.1",
      "resolved": "https://registry.npmjs.org/npm-run-path/-/npm-run-path-4.0.1.tgz",
      "integrity": "sha512-S48WzZW777zhNIrn7gxOlISNAqi9ZC/uQFnRdbeIHhZhCA6UqpkOT8T1G7BvfdgP4Er8gF4sUbaS0i7QvIfCWw==",
      "license": "MIT",
      "dependencies": {
        "path-key": "^3.0.0"
      },
      "engines": {
        "node": ">=8"
      }
    },
    "node_modules/onetime": {
      "version": "5.1.2",
      "resolved": "https://registry.npmjs.org/onetime/-/onetime-5.1.2.tgz",
      "integrity": "sha512-kbpaSSGJTWdAY5KPVeMOKXSrPtr8C8C7wodJbcsd51jRnmD+GZu8Y0VoU6Dm5Z4vWr0Ig/1NKuWRKf7j5aaYSg==",
      "license": "MIT",
      "dependencies": {
        "mimic-fn": "^2.1.0"
      },
      "engines": {
        "node": ">=6"
      },
      "funding": {
        "url": "https://github.com/sponsors/sindresorhus"
      }
    },
    "node_modules/path-key": {
      "version": "3.1.1",
      "resolved": "https://registry.npmjs.org/path-key/-/path-key-3.1.1.tgz",
      "integrity": "sha512-ojmeN0qd+y0jszEtoY48r0Peq5dwMEkIlCOu6Q5f41lfkswXuKtYrhgoTpLnyIcHm24Uhqx+5Tqm2InSwLhE6Q==",
      "license": "MIT",
      "engines": {
        "node": ">=8"
      }
    },
    "node_modules/q": {
      "version": "1.5.1",
      "resolved": "https://registry.npmjs.org/q/-/q-1.5.1.tgz",
      "integrity": "sha512-kV/CThkXo6xyFEZUugw/+pIOywXcDbFYgSct5cT3gqlbkBE1SJdwy6UQoZvodiWF/ckQLZyDE/Bu1M6gVu5lVw==",
      "deprecated": "You or someone you depend on is using Q, the JavaScript Promise library that gave JavaScript developers strong feelings about promises. They can almost certainly migrate to the native JavaScript promise now. Thank you literally everyone for joining me in this bet against the odds. Be excellent to each other.\n\n(For a CapTP with native promises, see @endo/eventual-send and @endo/captp)",
      "license": "MIT",
      "engines": {
        "node": ">=0.6.0",
        "teleport": ">=0.2.0"
      }
    },
    "node_modules/shebang-command": {
      "version": "2.0.0",
      "resolved": "https://registry.npmjs.org/shebang-command/-/shebang-command-2.0.0.tgz",
      "integrity": "sha512-kHxr2zZpYtdmrN1qDjrrX/Z1rR1kG8Dx+gkpK1G4eXmvXswmcE1hTWBWYUzlraYw1/yZp6YuDY77YtvbN0dmDA==",
      "license": "MIT",
      "dependencies": {
        "shebang-regex": "^3.0.0"
      },
      "engines": {
        "node": ">=8"
      }
    },
    "node_modules/shebang-regex": {
      "version": "3.0.0",
      "resolved": "https://registry.npmjs.org/shebang-regex/-/shebang-regex-3.0.0.tgz",
      "integrity": "sha512-7++dFhtcx3353uBaq8DDR4NuxBetBzC7ZQOhmTQInHEd6bSrXdiEyzCvG07Z44UYdLShWUyXt5M/yhz8ekcb1A==",
      "license": "MIT",
      "engines": {
        "node": ">=8"
      }
    },
    "node_modules/signal-exit": {
      "version": "3.0.7",
      "resolved": "https://registry.npmjs.org/signal-exit/-/signal-exit-3.0.7.tgz",
      "integrity": "sha512-wnD2ZE+l+SPC/uoS0vXeE9L1+0wuaMqKlfz9AMUo38JsyLSBWSFcHR1Rri62LZc12vLr1gb3jl7iwQhgwpAbGQ==",
      "license": "ISC"
    },
    "node_modules/strip-final-newline": {
      "version": "2.0.0",
      "resolved": "https://registry.npmjs.org/strip-final-newline/-/strip-final-newline-2.0.0.tgz",
      "integrity": "sha512-BrpvfNAE3dcvq7ll3xVumzjKjZQ5tI1sEUIKr3Uoks0XUl45St3FlatVqef9prk4jRDzhW6WZg+3bk93y6pLjA==",
      "license": "MIT",
      "engines": {
        "node": ">=6"
      }
    },
    "node_modules/ts-node": {
      "version": "10.9.2",
      "resolved": "https://registry.npmjs.org/ts-node/-/ts-node-10.9.2.tgz",
      "integrity": "sha512-f0FFpIdcHgn8zcPSbf1dRevwt047YMnaiJM3u2w2RewrB+fob/zePZcrOyQoLMMO7aBIddLcQIEK5dYjkLnGrQ==",
      "license": "MIT",
      "dependencies": {
        "@cspotcode/source-map-support": "^0.8.0",
        "@tsconfig/node10": "^1.0.7",
        "@tsconfig/node12": "^1.0.7",
        "@tsconfig/node14": "^1.0.0",
        "@tsconfig/node16": "^1.0.2",
        "acorn": "^8.4.1",
        "acorn-walk": "^8.1.1",
        "arg": "^4.1.0",
        "create-require": "^1.1.0",
        "diff": "^4.0.1",
        "make-error": "^1.1.1",
        "v8-compile-cache-lib": "^3.0.1",
        "yn": "3.1.1"
      },
      "bin": {
        "ts-node": "dist/bin.js",
        "ts-node-cwd": "dist/bin-cwd.js",
        "ts-node-esm": "dist/bin-esm.js",
        "ts-node-script": "dist/bin-script.js",
        "ts-node-transpile-only": "dist/bin-transpile.js",
        "ts-script": "dist/bin-script-deprecated.js"
      },
      "peerDependencies": {
        "@swc/core": ">=1.2.50",
        "@swc/wasm": ">=1.2.50",
        "@types/node": "*",
        "typescript": ">=2.7"
      },
      "peerDependenciesMeta": {
        "@swc/core": {
          "optional": true
        },
        "@swc/wasm": {
          "optional": true
        }
      }
    },
    "node_modules/typescript": {
      "version": "5.9.2",
      "resolved": "https://registry.npmjs.org/typescript/-/typescript-5.9.2.tgz",
      "integrity": "sha512-CWBzXQrc/qOkhidw1OzBTQuYRbfyxDXJMVJ1XNwUHGROVmuaeiEm3OslpZ1RV96d7SKKjZKrSJu3+t/xlw3R9A==",
      "license": "Apache-2.0",
      "bin": {
        "tsc": "bin/tsc",
        "tsserver": "bin/tsserver"
      },
      "engines": {
        "node": ">=14.17"
      }
    },
    "node_modules/undici-types": {
      "version": "7.10.0",
      "resolved": "https://registry.npmjs.org/undici-types/-/undici-types-7.10.0.tgz",
      "integrity": "sha512-t5Fy/nfn+14LuOc2KNYg75vZqClpAiqscVvMygNnlsHBFpSXdJaYtXMcdNLpl/Qvc3P2cB3s6lOV51nqsFq4ag==",
      "dev": true,
      "license": "MIT"
    },
    "node_modules/v8-compile-cache-lib": {
      "version": "3.0.1",
      "resolved": "https://registry.npmjs.org/v8-compile-cache-lib/-/v8-compile-cache-lib-3.0.1.tgz",
      "integrity": "sha512-wa7YjyUGfNZngI/vtK0UHAN+lgDCxBPCylVXGp0zu59Fz5aiGtNXaq3DhIov063MorB+VfufLh3JlF2KdTK3xg==",
      "license": "MIT"
    },
    "node_modules/which": {
      "version": "2.0.2",
      "resolved": "https://registry.npmjs.org/which/-/which-2.0.2.tgz",
      "integrity": "sha512-BLI3Tl1TW3Pvl70l3yq3Y64i+awpwXqsGBYWkkqMtnbXgrMD+yj7rhW0kuEDxzJaYXGjEW5ogapKNMEKNMjibA==",
      "license": "ISC",
      "dependencies": {
        "isexe": "^2.0.0"
      },
      "bin": {
        "node-which": "bin/node-which"
      },
      "engines": {
        "node": ">= 8"
      }
    },
    "node_modules/yn": {
      "version": "3.1.1",
      "resolved": "https://registry.npmjs.org/yn/-/yn-3.1.1.tgz",
      "integrity": "sha512-Ux4ygGWsu2c7isFWe8Yu1YluJmqVhxqK2cLXNQA5AcC3QfbGNpM7fu0Y8b/z16pXLnFxZYvWhd3fhBY9DLmC6Q==",
      "license": "MIT",
      "engines": {
        "node": ">=6"
      }
    }
  }
}
